{
  "name": "@argon-lang/noble-idl-compiler-js",
  "version": "0.1.0",
  "lockfileVersion": 3,
  "requires": true,
  "packages": {
    "": {
      "name": "@argon-lang/noble-idl-compiler-js",
      "version": "0.1.0",
      "license": "Apache-2.0",
      "dependencies": {
        "@argon-lang/esexpr": "^0.1.13",
        "@argon-lang/noble-idl-core": "file:../runtime",
        "typescript": "^5.5.4",
        "validate-npm-package-name": "^5.0.1"
      },
      "bin": {
        "noble-idl-compiler-js": "lib/main.js"
      },
      "devDependencies": {
        "@types/node": "^22.5.4",
        "@types/validate-npm-package-name": "^4.0.2"
      }
    },
    "../../runtime/js": {
      "name": "@argon-lang/noble-idl-core",
      "version": "0.1.0",
      "extraneous": true,
      "license": "Apache-2.0",
      "dependencies": {
        "@argon-lang/esexpr": "^0.1.10"
      },
      "devDependencies": {
        "@types/node": "^20.12.12",
        "cpy-cli": "^5.0.0",
        "typescript": "^5.5.4",
        "vitest": "^1.6.0"
      }
    },
    "../runtime": {
      "name": "@argon-lang/noble-idl-core",
      "version": "0.1.0",
      "license": "Apache-2.0",
      "dependencies": {
        "@argon-lang/esexpr": "^0.1.13"
      },
      "devDependencies": {
        "@types/node": "^22.5.4",
        "cpy-cli": "^5.0.0",
        "typescript": "^5.5.4"
      }
    },
    "node_modules/@argon-lang/esexpr": {
      "version": "0.1.13",
      "resolved": "https://registry.npmjs.org/@argon-lang/esexpr/-/esexpr-0.1.13.tgz",
      "integrity": "sha512-MreQL7jRBCCscdyz5GhAmbxHB6BzYq8kpju/v+UwWua1FfJu9FSizbq67QfS1Xd+zRB1bq9vZT7aPjRP5eiFlw==",
      "license": "Apache-2.0"
    },
    "node_modules/@argon-lang/noble-idl-core": {
      "resolved": "../runtime",
      "link": true
    },
    "node_modules/@types/node": {
      "version": "22.5.4",
      "resolved": "https://registry.npmjs.org/@types/node/-/node-22.5.4.tgz",
      "integrity": "sha512-FDuKUJQm/ju9fT/SeX/6+gBzoPzlVCzfzmGkwKvRHQVxi4BntVbyIwf6a4Xn62mrvndLiml6z/UBXIdEVjQLXg==",
      "dev": true,
      "license": "MIT",
      "dependencies": {
        "undici-types": "~6.19.2"
      }
    },
    "node_modules/@types/validate-npm-package-name": {
      "version": "4.0.2",
      "resolved": "https://registry.npmjs.org/@types/validate-npm-package-name/-/validate-npm-package-name-4.0.2.tgz",
      "integrity": "sha512-lrpDziQipxCEeK5kWxvljWYhUvOiB2A9izZd9B2AFarYAkqZshb4lPbRs7zKEic6eGtH8V/2qJW+dPp9OtF6bw==",
      "dev": true,
      "license": "MIT"
    },
    "node_modules/typescript": {
      "version": "5.5.4",
      "resolved": "https://registry.npmjs.org/typescript/-/typescript-5.5.4.tgz",
      "integrity": "sha512-Mtq29sKDAEYP7aljRgtPOpTvOfbwRWlS6dPRzwjdE+C0R4brX/GUyhHSecbHMFLNBLcJIPt9nl9yG5TZ1weH+Q==",
      "bin": {
        "tsc": "bin/tsc",
        "tsserver": "bin/tsserver"
      },
      "engines": {
        "node": ">=14.17"
      }
    },
    "node_modules/undici-types": {
      "version": "6.19.8",
      "resolved": "https://registry.npmjs.org/undici-types/-/undici-types-6.19.8.tgz",
      "integrity": "sha512-ve2KP6f/JnbPBFyobGHuerC9g1FYGn/F8n1LWTwNxCEzd6IfqTwUQcNXgEtmmQ6DlRrC1hrSrBnCZPokRrDHjw==",
      "dev": true,
      "license": "MIT"
    },
    "node_modules/validate-npm-package-name": {
      "version": "5.0.1",
      "resolved": "https://registry.npmjs.org/validate-npm-package-name/-/validate-npm-package-name-5.0.1.tgz",
      "integrity": "sha512-OljLrQ9SQdOUqTaQxqL5dEfZWrXExyyWsozYlAWFawPVNuD83igl7uJD2RTkNMbniIYgt8l81eCJGIdQF7avLQ==",
      "license": "ISC",
      "engines": {
        "node": "^14.17.0 || ^16.13.0 || >=18.0.0"
      }
    }
  }
}
